
Microsoft Visual Studio Solution File, Format Version 12.00
# Visual Studio Version 16
VisualStudioVersion = 16.0.29911.84
MinimumVisualStudioVersion = 10.0.40219.1
Project("{FAE04EC0-301F-11D3-BF4B-00C04F79EFBC}") = "af03.04", "af03.04\af03.04.csproj", "{054CD1E1-8915-4AEF-AA5C-493703375968}"
EndProject
Global
	GlobalSection(SolutionConfigurationPlatforms) = preSolution
		Debug|Any CPU = Debug|Any CPU
		Release|Any CPU = Release|Any CPU
	EndGlobalSection
	GlobalSection(ProjectConfigurationPlatforms) = postSolution
		{054CD1E1-8915-4AEF-AA5C-493703375968}.Debug|Any CPU.ActiveCfg = Debug|Any CPU
		{054CD1E1-8915-4AEF-AA5C-493703375968}.Debug|Any CPU.Build.0 = Debug|Any CPU
		{054CD1E1-8915-4AEF-AA5C-493703375968}.Release|Any CPU.ActiveCfg = Release|Any CPU
		{054CD1E1-8915-4AEF-AA5C-493703375968}.Release|Any CPU.Build.0 = Release|Any CPU
	EndGlobalSection
	GlobalSection(SolutionProperties) = preSolution
		HideSolutionNode = FALSE
	EndGlobalSection
	GlobalSection(ExtensibilityGlobals) = postSolution
		SolutionGuid = {096D5FF7-997C-4821-8C01-3640EC3581DD}
	EndGlobalSection
EndGlobal
